
Microsoft Visual Studio Solution File, Format Version 12.00
# Visual Studio Version 17
VisualStudioVersion = 17.0.31912.275
MinimumVisualStudioVersion = 10.0.40219.1
Project("{9A19103F-16F7-4668-BE54-9A1E7A4F7556}") = "streamdeckyoutube", "streamdeckyoutube\streamdeckyoutube.csproj", "{C649991F-0705-4550-ACD6-DB4E45197128}"
EndProject
Project("{FAE04EC0-301F-11D3-BF4B-00C04F79EFBC}") = "streamdeckyoutube.Test", "streamdeckyoutube.Test\streamdeckyoutube.Test.csproj", "{6ED68A05-7E5E-4538-B67C-07CDE79710FC}"
EndProject
Global
	GlobalSection(SolutionConfigurationPlatforms) = preSolution
		Debug|Any CPU = Debug|Any CPU
		Release|Any CPU = Release|Any CPU
	EndGlobalSection
	GlobalSection(ProjectConfigurationPlatforms) = postSolution
		{C649991F-0705-4550-ACD6-DB4E45197128}.Debug|Any CPU.ActiveCfg = Debug|Any CPU
		{C649991F-0705-4550-ACD6-DB4E45197128}.Debug|Any CPU.Build.0 = Debug|Any CPU
		{C649991F-0705-4550-ACD6-DB4E45197128}.Release|Any CPU.ActiveCfg = Release|Any CPU
		{C649991F-0705-4550-ACD6-DB4E45197128}.Release|Any CPU.Build.0 = Release|Any CPU
		{6ED68A05-7E5E-4538-B67C-07CDE79710FC}.Debug|Any CPU.ActiveCfg = Debug|Any CPU
		{6ED68A05-7E5E-4538-B67C-07CDE79710FC}.Debug|Any CPU.Build.0 = Debug|Any CPU
		{6ED68A05-7E5E-4538-B67C-07CDE79710FC}.Release|Any CPU.ActiveCfg = Release|Any CPU
		{6ED68A05-7E5E-4538-B67C-07CDE79710FC}.Release|Any CPU.Build.0 = Release|Any CPU
	EndGlobalSection
	GlobalSection(SolutionProperties) = preSolution
		HideSolutionNode = FALSE
	EndGlobalSection
	GlobalSection(ExtensibilityGlobals) = postSolution
		SolutionGuid = {2D142B63-0159-4E8D-BF61-128BA311BEBB}
	EndGlobalSection
EndGlobal
